// !$*UTF8*$!
{
	archiveVersion = 1;
	classes = {
	};
	objectVersion = 56;
	objects = {

/* Begin PBXBuildFile section */
		BC1861292A7B4A21000E81C4 /* VietnamFoodBusApp.swift in Sources */ = {isa = PBXBuildFile; fileRef = BC1861282A7B4A21000E81C4 /* VietnamFoodBusApp.swift */; };
		BC18612B2A7B4A21000E81C4 /* ContentView.swift in Sources */ = {isa = PBXBuildFile; fileRef = BC18612A2A7B4A21000E81C4 /* ContentView.swift */; };
		BC18612D2A7B4A21000E81C4 /* Assets.xcassets in Resources */ = {isa = PBXBuildFile; fileRef = BC18612C2A7B4A21000E81C4 /* Assets.xcassets */; };
		BC1861302A7B4A21000E81C4 /* Preview Assets.xcassets in Resources */ = {isa = PBXBuildFile; fileRef = BC18612F2A7B4A21000E81C4 /* Preview Assets.xcassets */; };
		BC1861392A7B863D000E81C4 /* CakeRow.swift in Sources */ = {isa = PBXBuildFile; fileRef = BC1861382A7B863D000E81C4 /* CakeRow.swift */; };
		BC18613B2A7B8645000E81C4 /* CakeList.swift in Sources */ = {isa = PBXBuildFile; fileRef = BC18613A2A7B8645000E81C4 /* CakeList.swift */; };
		BC18613E2A7B865F000E81C4 /* CakeCard.swift in Sources */ = {isa = PBXBuildFile; fileRef = BC18613D2A7B865F000E81C4 /* CakeCard.swift */; };
		BC1861402A7D3FF0000E81C4 /* ModelData.swift in Sources */ = {isa = PBXBuildFile; fileRef = BC18613F2A7D3FF0000E81C4 /* ModelData.swift */; };
		BC1861422A7D4013000E81C4 /* Cake.swift in Sources */ = {isa = PBXBuildFile; fileRef = BC1861412A7D4013000E81C4 /* Cake.swift */; };
		BC1861442A7D4A6F000E81C4 /* CircleImage.swift in Sources */ = {isa = PBXBuildFile; fileRef = BC1861432A7D4A6F000E81C4 /* CircleImage.swift */; };
		BC1861462A7D53AC000E81C4 /* MapView.swift in Sources */ = {isa = PBXBuildFile; fileRef = BC1861452A7D53AC000E81C4 /* MapView.swift */; };
		BC9A57902A7E41190015D91E /* cakes.json in Resources */ = {isa = PBXBuildFile; fileRef = BC9A578F2A7E41190015D91E /* cakes.json */; };
		BC9A57922A7E8EA60015D91E /* GreetingView.swift in Sources */ = {isa = PBXBuildFile; fileRef = BC9A57912A7E8EA60015D91E /* GreetingView.swift */; };
		BC9A57962A7E9FC60015D91E /* WelcomeView.swift in Sources */ = {isa = PBXBuildFile; fileRef = BC9A57952A7E9FC60015D91E /* WelcomeView.swift */; };
		BC9A579E2A7EAC500015D91E /* Lobster-Regular.ttf in Resources */ = {isa = PBXBuildFile; fileRef = BC9A579D2A7EAC4F0015D91E /* Lobster-Regular.ttf */; };
		BC9A57A82A7EB79E0015D91E /* Pacifico-Regular.ttf in Resources */ = {isa = PBXBuildFile; fileRef = BC9A57A52A7EB79E0015D91E /* Pacifico-Regular.ttf */; };
		BCAA7D632A7F72E200EA2D63 /* ImageRow.swift in Sources */ = {isa = PBXBuildFile; fileRef = BCAA7D622A7F72E200EA2D63 /* ImageRow.swift */; };
/* End PBXBuildFile section */

/* Begin PBXFileReference section */
		BC1861252A7B4A21000E81C4 /* VietnamFoodBus.app */ = {isa = PBXFileReference; explicitFileType = wrapper.application; includeInIndex = 0; path = VietnamFoodBus.app; sourceTree = BUILT_PRODUCTS_DIR; };
		BC1861282A7B4A21000E81C4 /* VietnamFoodBusApp.swift */ = {isa = PBXFileReference; lastKnownFileType = sourcecode.swift; path = VietnamFoodBusApp.swift; sourceTree = "<group>"; };
		BC18612A2A7B4A21000E81C4 /* ContentView.swift */ = {isa = PBXFileReference; lastKnownFileType = sourcecode.swift; path = ContentView.swift; sourceTree = "<group>"; };
		BC18612C2A7B4A21000E81C4 /* Assets.xcassets */ = {isa = PBXFileReference; lastKnownFileType = folder.assetcatalog; path = Assets.xcassets; sourceTree = "<group>"; };
		BC18612F2A7B4A21000E81C4 /* Preview Assets.xcassets */ = {isa = PBXFileReference; lastKnownFileType = folder.assetcatalog; path = "Preview Assets.xcassets"; sourceTree = "<group>"; };
		BC1861382A7B863D000E81C4 /* CakeRow.swift */ = {isa = PBXFileReference; lastKnownFileType = sourcecode.swift; path = CakeRow.swift; sourceTree = "<group>"; };
		BC18613A2A7B8645000E81C4 /* CakeList.swift */ = {isa = PBXFileReference; lastKnownFileType = sourcecode.swift; path = CakeList.swift; sourceTree = "<group>"; };
		BC18613D2A7B865F000E81C4 /* CakeCard.swift */ = {isa = PBXFileReference; lastKnownFileType = sourcecode.swift; path = CakeCard.swift; sourceTree = "<group>"; };
		BC18613F2A7D3FF0000E81C4 /* ModelData.swift */ = {isa = PBXFileReference; lastKnownFileType = sourcecode.swift; path = ModelData.swift; sourceTree = "<group>"; };
		BC1861412A7D4013000E81C4 /* Cake.swift */ = {isa = PBXFileReference; lastKnownFileType = sourcecode.swift; path = Cake.swift; sourceTree = "<group>"; };
		BC1861432A7D4A6F000E81C4 /* CircleImage.swift */ = {isa = PBXFileReference; lastKnownFileType = sourcecode.swift; path = CircleImage.swift; sourceTree = "<group>"; };
		BC1861452A7D53AC000E81C4 /* MapView.swift */ = {isa = PBXFileReference; lastKnownFileType = sourcecode.swift; path = MapView.swift; sourceTree = "<group>"; };
		BC9A578F2A7E41190015D91E /* cakes.json */ = {isa = PBXFileReference; fileEncoding = 4; lastKnownFileType = text.json; path = cakes.json; sourceTree = "<group>"; };
		BC9A57912A7E8EA60015D91E /* GreetingView.swift */ = {isa = PBXFileReference; lastKnownFileType = sourcecode.swift; path = GreetingView.swift; sourceTree = "<group>"; };
		BC9A57952A7E9FC60015D91E /* WelcomeView.swift */ = {isa = PBXFileReference; lastKnownFileType = sourcecode.swift; path = WelcomeView.swift; sourceTree = "<group>"; };
		BC9A579A2A7EA55B0015D91E /* Info.plist */ = {isa = PBXFileReference; lastKnownFileType = text.plist.xml; path = Info.plist; sourceTree = "<group>"; };
		BC9A579D2A7EAC4F0015D91E /* Lobster-Regular.ttf */ = {isa = PBXFileReference; lastKnownFileType = file; path = "Lobster-Regular.ttf"; sourceTree = "<group>"; };
		BC9A57A52A7EB79E0015D91E /* Pacifico-Regular.ttf */ = {isa = PBXFileReference; lastKnownFileType = file; path = "Pacifico-Regular.ttf"; sourceTree = "<group>"; };
		BCAA7D622A7F72E200EA2D63 /* ImageRow.swift */ = {isa = PBXFileReference; lastKnownFileType = sourcecode.swift; path = ImageRow.swift; sourceTree = "<group>"; };
/* End PBXFileReference section */

/* Begin PBXFrameworksBuildPhase section */
		BC1861222A7B4A21000E81C4 /* Frameworks */ = {
			isa = PBXFrameworksBuildPhase;
			buildActionMask = 2147483647;
			files = (
			);
			runOnlyForDeploymentPostprocessing = 0;
		};
/* End PBXFrameworksBuildPhase section */

/* Begin PBXGroup section */
		BC18611C2A7B4A21000E81C4 = {
			isa = PBXGroup;
			children = (
				BC1861272A7B4A21000E81C4 /* VietnamFoodBus */,
				BC1861262A7B4A21000E81C4 /* Products */,
			);
			sourceTree = "<group>";
		};
		BC1861262A7B4A21000E81C4 /* Products */ = {
			isa = PBXGroup;
			children = (
				BC1861252A7B4A21000E81C4 /* VietnamFoodBus.app */,
			);
			name = Products;
			sourceTree = "<group>";
		};
		BC1861272A7B4A21000E81C4 /* VietnamFoodBus */ = {
			isa = PBXGroup;
			children = (
				BC1861282A7B4A21000E81C4 /* VietnamFoodBusApp.swift */,
				BC1861372A7B862A000E81C4 /* Model */,
				BC1861362A7B8622000E81C4 /* Views */,
				BC9A57972A7EA4C20015D91E /* CustomFonts */,
				BC9A579A2A7EA55B0015D91E /* Info.plist */,
				BC18612C2A7B4A21000E81C4 /* Assets.xcassets */,
				BC18612E2A7B4A21000E81C4 /* Preview Content */,
			);
			path = VietnamFoodBus;
			sourceTree = "<group>";
		};
		BC18612E2A7B4A21000E81C4 /* Preview Content */ = {
			isa = PBXGroup;
			children = (
				BC18612F2A7B4A21000E81C4 /* Preview Assets.xcassets */,
			);
			path = "Preview Content";
			sourceTree = "<group>";
		};
		BC1861362A7B8622000E81C4 /* Views */ = {
			isa = PBXGroup;
			children = (
				BC18612A2A7B4A21000E81C4 /* ContentView.swift */,
				BCAA7D5E2A7F500000EA2D63 /* Welcome */,
				BCAA7D5F2A7F501100EA2D63 /* Helper */,
				BCAA7D642A800BA500EA2D63 /* Cakes */,
				BC1861382A7B863D000E81C4 /* CakeRow.swift */,
				BC18613A2A7B8645000E81C4 /* CakeList.swift */,
				BC18613D2A7B865F000E81C4 /* CakeCard.swift */,
			);
			path = Views;
			sourceTree = "<group>";
		};
		BC1861372A7B862A000E81C4 /* Model */ = {
			isa = PBXGroup;
			children = (
				BC18613F2A7D3FF0000E81C4 /* ModelData.swift */,
				BC1861412A7D4013000E81C4 /* Cake.swift */,
				BC9A578F2A7E41190015D91E /* cakes.json */,
			);
			path = Model;
			sourceTree = "<group>";
		};
		BC9A57972A7EA4C20015D91E /* CustomFonts */ = {
			isa = PBXGroup;
			children = (
				BC9A579D2A7EAC4F0015D91E /* Lobster-Regular.ttf */,
				BC9A57A52A7EB79E0015D91E /* Pacifico-Regular.ttf */,
			);
			path = CustomFonts;
			sourceTree = "<group>";
		};
		BCAA7D5E2A7F500000EA2D63 /* Welcome */ = {
			isa = PBXGroup;
			children = (
				BC9A57912A7E8EA60015D91E /* GreetingView.swift */,
				BC9A57952A7E9FC60015D91E /* WelcomeView.swift */,
			);
			path = Welcome;
			sourceTree = "<group>";
		};
		BCAA7D5F2A7F501100EA2D63 /* Helper */ = {
			isa = PBXGroup;
			children = (
				BC1861432A7D4A6F000E81C4 /* CircleImage.swift */,
				BC1861452A7D53AC000E81C4 /* MapView.swift */,
				BCAA7D622A7F72E200EA2D63 /* ImageRow.swift */,
			);
			path = Helper;
			sourceTree = "<group>";
		};
		BCAA7D642A800BA500EA2D63 /* Cakes */ = {
			isa = PBXGroup;
			children = (
			);
			path = Cakes;
			sourceTree = "<group>";
		};
/* End PBXGroup section */

/* Begin PBXNativeTarget section */
		BC1861242A7B4A21000E81C4 /* VietnamFoodBus */ = {
			isa = PBXNativeTarget;
			buildConfigurationList = BC1861332A7B4A21000E81C4 /* Build configuration list for PBXNativeTarget "VietnamFoodBus" */;
			buildPhases = (
				BC1861212A7B4A21000E81C4 /* Sources */,
				BC1861222A7B4A21000E81C4 /* Frameworks */,
				BC1861232A7B4A21000E81C4 /* Resources */,
			);
			buildRules = (
			);
			dependencies = (
			);
			name = VietnamFoodBus;
			productName = VietnamFoodBus;
			productReference = BC1861252A7B4A21000E81C4 /* VietnamFoodBus.app */;
			productType = "com.apple.product-type.application";
		};
/* End PBXNativeTarget section */

/* Begin PBXProject section */
		BC18611D2A7B4A21000E81C4 /* Project object */ = {
			isa = PBXProject;
			attributes = {
				BuildIndependentTargetsInParallel = 1;
				LastSwiftUpdateCheck = 1430;
				LastUpgradeCheck = 1430;
				TargetAttributes = {
					BC1861242A7B4A21000E81C4 = {
						CreatedOnToolsVersion = 14.3.1;
					};
				};
			};
			buildConfigurationList = BC1861202A7B4A21000E81C4 /* Build configuration list for PBXProject "VietnamFoodBus" */;
			compatibilityVersion = "Xcode 14.0";
			developmentRegion = en;
			hasScannedForEncodings = 0;
			knownRegions = (
				en,
				Base,
			);
			mainGroup = BC18611C2A7B4A21000E81C4;
			productRefGroup = BC1861262A7B4A21000E81C4 /* Products */;
			projectDirPath = "";
			projectRoot = "";
			targets = (
				BC1861242A7B4A21000E81C4 /* VietnamFoodBus */,
			);
		};
/* End PBXProject section */

/* Begin PBXResourcesBuildPhase section */
		BC1861232A7B4A21000E81C4 /* Resources */ = {
			isa = PBXResourcesBuildPhase;
			buildActionMask = 2147483647;
			files = (
				BC9A579E2A7EAC500015D91E /* Lobster-Regular.ttf in Resources */,
				BC1861302A7B4A21000E81C4 /* Preview Assets.xcassets in Resources */,
				BC18612D2A7B4A21000E81C4 /* Assets.xcassets in Resources */,
				BC9A57902A7E41190015D91E /* cakes.json in Resources */,
				BC9A57A82A7EB79E0015D91E /* Pacifico-Regular.ttf in Resources */,
			);
			runOnlyForDeploymentPostprocessing = 0;
		};
/* End PBXResourcesBuildPhase section */

/* Begin PBXSourcesBuildPhase section */
		BC1861212A7B4A21000E81C4 /* Sources */ = {
			isa = PBXSourcesBuildPhase;
			buildActionMask = 2147483647;
			files = (
				BC18612B2A7B4A21000E81C4 /* ContentView.swift in Sources */,
				BC1861442A7D4A6F000E81C4 /* CircleImage.swift in Sources */,
				BC18613B2A7B8645000E81C4 /* CakeList.swift in Sources */,
				BC1861292A7B4A21000E81C4 /* VietnamFoodBusApp.swift in Sources */,
				BC1861392A7B863D000E81C4 /* CakeRow.swift in Sources */,
				BC9A57922A7E8EA60015D91E /* GreetingView.swift in Sources */,
				BC9A57962A7E9FC60015D91E /* WelcomeView.swift in Sources */,
				BCAA7D632A7F72E200EA2D63 /* ImageRow.swift in Sources */,
				BC18613E2A7B865F000E81C4 /* CakeCard.swift in Sources */,
				BC1861402A7D3FF0000E81C4 /* ModelData.swift in Sources */,
				BC1861462A7D53AC000E81C4 /* MapView.swift in Sources */,
				BC1861422A7D4013000E81C4 /* Cake.swift in Sources */,
			);
			runOnlyForDeploymentPostprocessing = 0;
		};
/* End PBXSourcesBuildPhase section */

/* Begin XCBuildConfiguration section */
		BC1861312A7B4A21000E81C4 /* Debug */ = {
			isa = XCBuildConfiguration;
			buildSettings = {
				ALWAYS_SEARCH_USER_PATHS = NO;
				CLANG_ANALYZER_NONNULL = YES;
				CLANG_ANALYZER_NUMBER_OBJECT_CONVERSION = YES_AGGRESSIVE;
				CLANG_CXX_LANGUAGE_STANDARD = "gnu++20";
				CLANG_ENABLE_MODULES = YES;
				CLANG_ENABLE_OBJC_ARC = YES;
				CLANG_ENABLE_OBJC_WEAK = YES;
				CLANG_WARN_BLOCK_CAPTURE_AUTORELEASING = YES;
				CLANG_WARN_BOOL_CONVERSION = YES;
				CLANG_WARN_COMMA = YES;
				CLANG_WARN_CONSTANT_CONVERSION = YES;
				CLANG_WARN_DEPRECATED_OBJC_IMPLEMENTATIONS = YES;
				CLANG_WARN_DIRECT_OBJC_ISA_USAGE = YES_ERROR;
				CLANG_WARN_DOCUMENTATION_COMMENTS = YES;
				CLANG_WARN_EMPTY_BODY = YES;
				CLANG_WARN_ENUM_CONVERSION = YES;
				CLANG_WARN_INFINITE_RECURSION = YES;
				CLANG_WARN_INT_CONVERSION = YES;
				CLANG_WARN_NON_LITERAL_NULL_CONVERSION = YES;
				CLANG_WARN_OBJC_IMPLICIT_RETAIN_SELF = YES;
				CLANG_WARN_OBJC_LITERAL_CONVERSION = YES;
				CLANG_WARN_OBJC_ROOT_CLASS = YES_ERROR;
				CLANG_WARN_QUOTED_INCLUDE_IN_FRAMEWORK_HEADER = YES;
				CLANG_WARN_RANGE_LOOP_ANALYSIS = YES;
				CLANG_WARN_STRICT_PROTOTYPES = YES;
				CLANG_WARN_SUSPICIOUS_MOVE = YES;
				CLANG_WARN_UNGUARDED_AVAILABILITY = YES_AGGRESSIVE;
				CLANG_WARN_UNREACHABLE_CODE = YES;
				CLANG_WARN__DUPLICATE_METHOD_MATCH = YES;
				COPY_PHASE_STRIP = NO;
				DEBUG_INFORMATION_FORMAT = dwarf;
				ENABLE_STRICT_OBJC_MSGSEND = YES;
				ENABLE_TESTABILITY = YES;
				GCC_C_LANGUAGE_STANDARD = gnu11;
				GCC_DYNAMIC_NO_PIC = NO;
				GCC_NO_COMMON_BLOCKS = YES;
				GCC_OPTIMIZATION_LEVEL = 0;
				GCC_PREPROCESSOR_DEFINITIONS = (
					"DEBUG=1",
					"$(inherited)",
				);
				GCC_WARN_64_TO_32_BIT_CONVERSION = YES;
				GCC_WARN_ABOUT_RETURN_TYPE = YES_ERROR;
				GCC_WARN_UNDECLARED_SELECTOR = YES;
				GCC_WARN_UNINITIALIZED_AUTOS = YES_AGGRESSIVE;
				GCC_WARN_UNUSED_FUNCTION = YES;
				GCC_WARN_UNUSED_VARIABLE = YES;
				IPHONEOS_DEPLOYMENT_TARGET = 16.4;
				MTL_ENABLE_DEBUG_INFO = INCLUDE_SOURCE;
				MTL_FAST_MATH = YES;
				ONLY_ACTIVE_ARCH = YES;
				SDKROOT = iphoneos;
				SWIFT_ACTIVE_COMPILATION_CONDITIONS = DEBUG;
				SWIFT_OPTIMIZATION_LEVEL = "-Onone";
			};
			name = Debug;
		};
		BC1861322A7B4A21000E81C4 /* Release */ = {
			isa = XCBuildConfiguration;
			buildSettings = {
				ALWAYS_SEARCH_USER_PATHS = NO;
				CLANG_ANALYZER_NONNULL = YES;
				CLANG_ANALYZER_NUMBER_OBJECT_CONVERSION = YES_AGGRESSIVE;
				CLANG_CXX_LANGUAGE_STANDARD = "gnu++20";
				CLANG_ENABLE_MODULES = YES;
				CLANG_ENABLE_OBJC_ARC = YES;
				CLANG_ENABLE_OBJC_WEAK = YES;
				CLANG_WARN_BLOCK_CAPTURE_AUTORELEASING = YES;
				CLANG_WARN_BOOL_CONVERSION = YES;
				CLANG_WARN_COMMA = YES;
				CLANG_WARN_CONSTANT_CONVERSION = YES;
				CLANG_WARN_DEPRECATED_OBJC_IMPLEMENTATIONS = YES;
				CLANG_WARN_DIRECT_OBJC_ISA_USAGE = YES_ERROR;
				CLANG_WARN_DOCUMENTATION_COMMENTS = YES;
				CLANG_WARN_EMPTY_BODY = YES;
				CLANG_WARN_ENUM_CONVERSION = YES;
				CLANG_WARN_INFINITE_RECURSION = YES;
				CLANG_WARN_INT_CONVERSION = YES;
				CLANG_WARN_NON_LITERAL_NULL_CONVERSION = YES;
				CLANG_WARN_OBJC_IMPLICIT_RETAIN_SELF = YES;
				CLANG_WARN_OBJC_LITERAL_CONVERSION = YES;
				CLANG_WARN_OBJC_ROOT_CLASS = YES_ERROR;
				CLANG_WARN_QUOTED_INCLUDE_IN_FRAMEWORK_HEADER = YES;
				CLANG_WARN_RANGE_LOOP_ANALYSIS = YES;
				CLANG_WARN_STRICT_PROTOTYPES = YES;
				CLANG_WARN_SUSPICIOUS_MOVE = YES;
				CLANG_WARN_UNGUARDED_AVAILABILITY = YES_AGGRESSIVE;
				CLANG_WARN_UNREACHABLE_CODE = YES;
				CLANG_WARN__DUPLICATE_METHOD_MATCH = YES;
				COPY_PHASE_STRIP = NO;
				DEBUG_INFORMATION_FORMAT = "dwarf-with-dsym";
				ENABLE_NS_ASSERTIONS = NO;
				ENABLE_STRICT_OBJC_MSGSEND = YES;
				GCC_C_LANGUAGE_STANDARD = gnu11;
				GCC_NO_COMMON_BLOCKS = YES;
				GCC_WARN_64_TO_32_BIT_CONVERSION = YES;
				GCC_WARN_ABOUT_RETURN_TYPE = YES_ERROR;
				GCC_WARN_UNDECLARED_SELECTOR = YES;
				GCC_WARN_UNINITIALIZED_AUTOS = YES_AGGRESSIVE;
				GCC_WARN_UNUSED_FUNCTION = YES;
				GCC_WARN_UNUSED_VARIABLE = YES;
				IPHONEOS_DEPLOYMENT_TARGET = 16.4;
				MTL_ENABLE_DEBUG_INFO = NO;
				MTL_FAST_MATH = YES;
				SDKROOT = iphoneos;
				SWIFT_COMPILATION_MODE = wholemodule;
				SWIFT_OPTIMIZATION_LEVEL = "-O";
				VALIDATE_PRODUCT = YES;
			};
			name = Release;
		};
		BC1861342A7B4A21000E81C4 /* Debug */ = {
			isa = XCBuildConfiguration;
			buildSettings = {
				ASSETCATALOG_COMPILER_APPICON_NAME = AppIcon;
				ASSETCATALOG_COMPILER_GLOBAL_ACCENT_COLOR_NAME = AccentColor;
				CODE_SIGN_STYLE = Automatic;
				CURRENT_PROJECT_VERSION = 1;
				DEVELOPMENT_ASSET_PATHS = "\"VietnamFoodBus/Preview Content\"";
				DEVELOPMENT_TEAM = QZHA5PV55X;
				ENABLE_PREVIEWS = YES;
				GENERATE_INFOPLIST_FILE = YES;
				INFOPLIST_FILE = VietnamFoodBus/Info.plist;
				INFOPLIST_KEY_UIApplicationSceneManifest_Generation = YES;
				INFOPLIST_KEY_UIApplicationSupportsIndirectInputEvents = YES;
				INFOPLIST_KEY_UILaunchScreen_Generation = YES;
				INFOPLIST_KEY_UISupportedInterfaceOrientations_iPad = "UIInterfaceOrientationPortrait UIInterfaceOrientationPortraitUpsideDown UIInterfaceOrientationLandscapeLeft UIInterfaceOrientationLandscapeRight";
				INFOPLIST_KEY_UISupportedInterfaceOrientations_iPhone = "UIInterfaceOrientationPortrait UIInterfaceOrientationLandscapeLeft UIInterfaceOrientationLandscapeRight";
				LD_RUNPATH_SEARCH_PATHS = (
					"$(inherited)",
					"@executable_path/Frameworks",
				);
				MARKETING_VERSION = 1.0;
				PRODUCT_BUNDLE_IDENTIFIER = com.minhha.VietnamFoodBus;
				PRODUCT_NAME = "$(TARGET_NAME)";
				SWIFT_EMIT_LOC_STRINGS = YES;
				SWIFT_VERSION = 5.0;
				TARGETED_DEVICE_FAMILY = "1,2";
			};
			name = Debug;
		};
		BC1861352A7B4A21000E81C4 /* Release */ = {
			isa = XCBuildConfiguration;
			buildSettings = {
				ASSETCATALOG_COMPILER_APPICON_NAME = AppIcon;
				ASSETCATALOG_COMPILER_GLOBAL_ACCENT_COLOR_NAME = AccentColor;
				CODE_SIGN_STYLE = Automatic;
				CURRENT_PROJECT_VERSION = 1;
				DEVELOPMENT_ASSET_PATHS = "\"VietnamFoodBus/Preview Content\"";
				DEVELOPMENT_TEAM = QZHA5PV55X;
				ENABLE_PREVIEWS = YES;
				GENERATE_INFOPLIST_FILE = YES;
				INFOPLIST_FILE = VietnamFoodBus/Info.plist;
				INFOPLIST_KEY_UIApplicationSceneManifest_Generation = YES;
				INFOPLIST_KEY_UIApplicationSupportsIndirectInputEvents = YES;
				INFOPLIST_KEY_UILaunchScreen_Generation = YES;
				INFOPLIST_KEY_UISupportedInterfaceOrientations_iPad = "UIInterfaceOrientationPortrait UIInterfaceOrientationPortraitUpsideDown UIInterfaceOrientationLandscapeLeft UIInterfaceOrientationLandscapeRight";
				INFOPLIST_KEY_UISupportedInterfaceOrientations_iPhone = "UIInterfaceOrientationPortrait UIInterfaceOrientationLandscapeLeft UIInterfaceOrientationLandscapeRight";
				LD_RUNPATH_SEARCH_PATHS = (
					"$(inherited)",
					"@executable_path/Frameworks",
				);
				MARKETING_VERSION = 1.0;
				PRODUCT_BUNDLE_IDENTIFIER = com.minhha.VietnamFoodBus;
				PRODUCT_NAME = "$(TARGET_NAME)";
				SWIFT_EMIT_LOC_STRINGS = YES;
				SWIFT_VERSION = 5.0;
				TARGETED_DEVICE_FAMILY = "1,2";
			};
			name = Release;
		};
/* End XCBuildConfiguration section */

/* Begin XCConfigurationList section */
		BC1861202A7B4A21000E81C4 /* Build configuration list for PBXProject "VietnamFoodBus" */ = {
			isa = XCConfigurationList;
			buildConfigurations = (
				BC1861312A7B4A21000E81C4 /* Debug */,
				BC1861322A7B4A21000E81C4 /* Release */,
			);
			defaultConfigurationIsVisible = 0;
			defaultConfigurationName = Release;
		};
		BC1861332A7B4A21000E81C4 /* Build configuration list for PBXNativeTarget "VietnamFoodBus" */ = {
			isa = XCConfigurationList;
			buildConfigurations = (
				BC1861342A7B4A21000E81C4 /* Debug */,
				BC1861352A7B4A21000E81C4 /* Release */,
			);
			defaultConfigurationIsVisible = 0;
			defaultConfigurationName = Release;
		};
/* End XCConfigurationList section */
	};
	rootObject = BC18611D2A7B4A21000E81C4 /* Project object */;
}
